
Microsoft Visual Studio Solution File, Format Version 12.00
# Visual Studio Version 17
VisualStudioVersion = 17.5.002.0
MinimumVisualStudioVersion = 10.0.40219.1
Project("{9A19103F-16F7-4668-BE54-9A1E7A4F7556}") = "Phishing.WASM", "Phishing.WASM.csproj", "{BB5E148B-90D9-4606-8380-4109BAD4290E}"
EndProject
Global
	GlobalSection(SolutionConfigurationPlatforms) = preSolution
		Debug|Any CPU = Debug|Any CPU
		Release|Any CPU = Release|Any CPU
	EndGlobalSection
	GlobalSection(ProjectConfigurationPlatforms) = postSolution
		{BB5E148B-90D9-4606-8380-4109BAD4290E}.Debug|Any CPU.ActiveCfg = Debug|Any CPU
		{BB5E148B-90D9-4606-8380-4109BAD4290E}.Debug|Any CPU.Build.0 = Debug|Any CPU
		{BB5E148B-90D9-4606-8380-4109BAD4290E}.Release|Any CPU.ActiveCfg = Release|Any CPU
		{BB5E148B-90D9-4606-8380-4109BAD4290E}.Release|Any CPU.Build.0 = Release|Any CPU
	EndGlobalSection
	GlobalSection(SolutionProperties) = preSolution
		HideSolutionNode = FALSE
	EndGlobalSection
	GlobalSection(ExtensibilityGlobals) = postSolution
		SolutionGuid = {F2C492A8-B14C-460A-AB9C-3DEACC584057}
	EndGlobalSection
EndGlobal
